github.com/gorilla/websocket v1.5.3 h1:saDtZ6Pbx/0u+bgYQ3q96pZgCzfhKXGPqt7kZ72aNNg=
github.com/gorilla/websocket v1.5.3/go.mod h1:YR8l580nyteQvAITg2hZ9XVh4b55+EU/adAjf1fMHhE=
github.com/pion/opus v0.0.0-20260326165207-10397d92d9ba h1:QBnNH0CsUKSe9cYcvjIhGMAfL8NzqMb8tqwhoWGWvGc=
github.com/pion/opus v0.0.0-20260326165207-10397d92d9ba/go.mod h1:t5Xog2n682JnawoykACE6nKVmupFvmJvkpM7x6bTv6g=
